
Microsoft Visual Studio Solution File, Format Version 12.00
# Visual Studio Version 16
VisualStudioVersion = 16.0.30011.22
MinimumVisualStudioVersion = 10.0.40219.1
Project("{FAE04EC0-301F-11D3-BF4B-00C04F79EFBC}") = "prueba", "prueba\prueba.csproj", "{70E183AC-3F34-4153-8D0B-84D5470A4453}"
EndProject
Global
	GlobalSection(SolutionConfigurationPlatforms) = preSolution
		Debug|Any CPU = Debug|Any CPU
		Release|Any CPU = Release|Any CPU
	EndGlobalSection
	GlobalSection(ProjectConfigurationPlatforms) = postSolution
		{70E183AC-3F34-4153-8D0B-84D5470A4453}.Debug|Any CPU.ActiveCfg = Debug|Any CPU
		{70E183AC-3F34-4153-8D0B-84D5470A4453}.Debug|Any CPU.Build.0 = Debug|Any CPU
		{70E183AC-3F34-4153-8D0B-84D5470A4453}.Release|Any CPU.ActiveCfg = Release|Any CPU
		{70E183AC-3F34-4153-8D0B-84D5470A4453}.Release|Any CPU.Build.0 = Release|Any CPU
	EndGlobalSection
	GlobalSection(SolutionProperties) = preSolution
		HideSolutionNode = FALSE
	EndGlobalSection
	GlobalSection(ExtensibilityGlobals) = postSolution
		SolutionGuid = {4AD7EF3B-8952-46D9-B3E7-6FDA16637C31}
	EndGlobalSection
EndGlobal
